
Microsoft Visual Studio Solution File, Format Version 12.00
# Visual Studio Version 17
VisualStudioVersion = 17.6.33815.320
MinimumVisualStudioVersion = 10.0.40219.1
Project("{FAE04EC0-301F-11D3-BF4B-00C04F79EFBC}") = "FMU", "FMU\FMU.csproj", "{FA5B24C4-A0A1-4B26-97D0-F4EE104D10B3}"
EndProject
Global
	GlobalSection(SolutionConfigurationPlatforms) = preSolution
		Debug|Any CPU = Debug|Any CPU
		Release|Any CPU = Release|Any CPU
	EndGlobalSection
	GlobalSection(ProjectConfigurationPlatforms) = postSolution
		{FA5B24C4-A0A1-4B26-97D0-F4EE104D10B3}.Debug|Any CPU.ActiveCfg = Debug|Any CPU
		{FA5B24C4-A0A1-4B26-97D0-F4EE104D10B3}.Debug|Any CPU.Build.0 = Debug|Any CPU
		{FA5B24C4-A0A1-4B26-97D0-F4EE104D10B3}.Release|Any CPU.ActiveCfg = Release|Any CPU
		{FA5B24C4-A0A1-4B26-97D0-F4EE104D10B3}.Release|Any CPU.Build.0 = Release|Any CPU
	EndGlobalSection
	GlobalSection(SolutionProperties) = preSolution
		HideSolutionNode = FALSE
	EndGlobalSection
	GlobalSection(ExtensibilityGlobals) = postSolution
		SolutionGuid = {D7E0ED87-2244-4C72-AB15-B0D02A6D1D5E}
	EndGlobalSection
EndGlobal
